
Microsoft Visual Studio Solution File, Format Version 12.00
# Visual Studio Version 17
VisualStudioVersion = 17.8.34309.116
MinimumVisualStudioVersion = 10.0.40219.1
Project("{FAE04EC0-301F-11D3-BF4B-00C04F79EFBC}") = "Robot", "Robot\Robot.csproj", "{96936DD2-A8B9-46CB-98E4-EDAAF209079C}"
EndProject
Global
	GlobalSection(SolutionConfigurationPlatforms) = preSolution
		Debug|Any CPU = Debug|Any CPU
		Release|Any CPU = Release|Any CPU
	EndGlobalSection
	GlobalSection(ProjectConfigurationPlatforms) = postSolution
		{96936DD2-A8B9-46CB-98E4-EDAAF209079C}.Debug|Any CPU.ActiveCfg = Debug|Any CPU
		{96936DD2-A8B9-46CB-98E4-EDAAF209079C}.Debug|Any CPU.Build.0 = Debug|Any CPU
		{96936DD2-A8B9-46CB-98E4-EDAAF209079C}.Release|Any CPU.ActiveCfg = Release|Any CPU
		{96936DD2-A8B9-46CB-98E4-EDAAF209079C}.Release|Any CPU.Build.0 = Release|Any CPU
	EndGlobalSection
	GlobalSection(SolutionProperties) = preSolution
		HideSolutionNode = FALSE
	EndGlobalSection
	GlobalSection(ExtensibilityGlobals) = postSolution
		SolutionGuid = {FCD51033-7466-45BF-A74B-E01CBC7CFA5A}
	EndGlobalSection
EndGlobal
